// !$*UTF8*$!
{
	archiveVersion = 1;
	classes = {};
	objectVersion = 56;
	objects = {
/* PBXBuildFile */
AA000001 = {isa = PBXBuildFile; fileRef = AA001001; }; AA000002 = {isa = PBXBuildFile; fileRef = AA001002; }; AA000003 = {isa = PBXBuildFile; fileRef = AA001003; }; AA000004 = {isa = PBXBuildFile; fileRef = AA001004; }; AA000005 = {isa = PBXBuildFile; fileRef = AA001005; }; AA000006 = {isa = PBXBuildFile; fileRef = AA001006; }; AA000007 = {isa = PBXBuildFile; fileRef = AA001007; }; AA000008 = {isa = PBXBuildFile; fileRef = AA001008; }; AA000009 = {isa = PBXBuildFile; fileRef = AA001009; }; AA000010 = {isa = PBXBuildFile; fileRef = AA001010; }; AA000011 = {isa = PBXBuildFile; fileRef = AA001011; }; AA000012 = {isa = PBXBuildFile; fileRef = AA001012; }; AA000013 = {isa = PBXBuildFile; fileRef = AA001013; }; AA000014 = {isa = PBXBuildFile; fileRef = AA001014; }; AA000015 = {isa = PBXBuildFile; fileRef = AA001015; }; AA000016 = {isa = PBXBuildFile; fileRef = AA001016; }; AA000017 = {isa = PBXBuildFile; fileRef = AA001017; }; AA000018 = {isa = PBXBuildFile; fileRef = AA001018; }; AA000019 = {isa = PBXBuildFile; fileRef = AA001019; }; AA000020 = {isa = PBXBuildFile; fileRef = AA001020; }; AA000021 = {isa = PBXBuildFile; fileRef = AA001021; }; AA000022 = {isa = PBXBuildFile; fileRef = AA001022; }; AA000023 = {isa = PBXBuildFile; fileRef = AA001023; }; AA000024 = {isa = PBXBuildFile; fileRef = AA001024; }; AA000025 = {isa = PBXBuildFile; fileRef = AA001025; }; AA000026 = {isa = PBXBuildFile; fileRef = AA001026; }; AA000027 = {isa = PBXBuildFile; fileRef = AA001027; }; AA000028 = {isa = PBXBuildFile; fileRef = AA001028; }; AA000029 = {isa = PBXBuildFile; fileRef = AA001029; }; AA000030 = {isa = PBXBuildFile; fileRef = AA001030; }; AA000031 = {isa = PBXBuildFile; fileRef = AA001031; }; AA000032 = {isa = PBXBuildFile; fileRef = AA001032; }; AA000033 = {isa = PBXBuildFile; fileRef = AA001033; }; AA000034 = {isa = PBXBuildFile; fileRef = AA001034; }; AA000035 = {isa = PBXBuildFile; fileRef = AA001035; }; AA000036 = {isa = PBXBuildFile; fileRef = AA001036; }; AA000037 = {isa = PBXBuildFile; fileRef = AA001037; }; AA000038 = {isa = PBXBuildFile; fileRef = AA001038; }; AA000039 = {isa = PBXBuildFile; fileRef = AA001039; }; AA000040 = {isa = PBXBuildFile; fileRef = AA001040; }; AA000041 = {isa = PBXBuildFile; fileRef = AA001041; }; AA000042 = {isa = PBXBuildFile; fileRef = AA001042; }; AA000043 = {isa = PBXBuildFile; fileRef = AA001043; }; AA000044 = {isa = PBXBuildFile; fileRef = AA001044; }; AA000045 = {isa = PBXBuildFile; fileRef = AA001045; }; AA000046 = {isa = PBXBuildFile; fileRef = AA001046; }; AA000047 = {isa = PBXBuildFile; fileRef = AA001047; }; AA000048 = {isa = PBXBuildFile; fileRef = AA001048; }; AA000049 = {isa = PBXBuildFile; fileRef = AA001049; }; AA000050 = {isa = PBXBuildFile; fileRef = AA001050; }; AA000051 = {isa = PBXBuildFile; fileRef = AA001051; };
/* PBXFileReference */
AA001001 = {isa = PBXFileReference; lastKnownFileType = sourcecode.swift; path = ContentView.swift; sourceTree = "<group>"; }; AA001002 = {isa = PBXFileReference; lastKnownFileType = sourcecode.swift; path = EchoApp.swift; sourceTree = "<group>"; }; AA001003 = {isa = PBXFileReference; lastKnownFileType = sourcecode.swift; path = Deal.swift; sourceTree = "<group>"; }; AA001004 = {isa = PBXFileReference; lastKnownFileType = sourcecode.swift; path = EchoContact.swift; sourceTree = "<group>"; }; AA001005 = {isa = PBXFileReference; lastKnownFileType = sourcecode.swift; path = Enums.swift; sourceTree = "<group>"; }; AA001006 = {isa = PBXFileReference; lastKnownFileType = sourcecode.swift; path = Interaction.swift; sourceTree = "<group>"; }; AA001007 = {isa = PBXFileReference; lastKnownFileType = sourcecode.swift; path = Note.swift; sourceTree = "<group>"; }; AA001008 = {isa = PBXFileReference; lastKnownFileType = sourcecode.swift; path = ContactImportService.swift; sourceTree = "<group>"; }; AA001009 = {isa = PBXFileReference; lastKnownFileType = sourcecode.swift; path = EchoEngine.swift; sourceTree = "<group>"; }; AA001010 = {isa = PBXFileReference; lastKnownFileType = sourcecode.swift; path = FreeTierManager.swift; sourceTree = "<group>"; }; AA001011 = {isa = PBXFileReference; lastKnownFileType = sourcecode.swift; path = StreakManager.swift; sourceTree = "<group>"; }; AA001012 = {isa = PBXFileReference; lastKnownFileType = sourcecode.swift; path = ContactDetailView.swift; sourceTree = "<group>"; }; AA001013 = {isa = PBXFileReference; lastKnownFileType = sourcecode.swift; path = ReachSheetView.swift; sourceTree = "<group>"; }; AA001014 = {isa = PBXFileReference; lastKnownFileType = sourcecode.swift; path = EchoCardView.swift; sourceTree = "<group>"; }; AA001015 = {isa = PBXFileReference; lastKnownFileType = sourcecode.swift; path = EchoLayerView.swift; sourceTree = "<group>"; }; AA001016 = {isa = PBXFileReference; lastKnownFileType = sourcecode.swift; path = PeopleLibraryView.swift; sourceTree = "<group>"; }; AA001017 = {isa = PBXFileReference; lastKnownFileType = sourcecode.swift; path = SettingsView.swift; sourceTree = "<group>"; }; AA001018 = {isa = PBXFileReference; lastKnownFileType = sourcecode.swift; path = PaywallView.swift; sourceTree = "<group>"; }; AA001019 = {isa = PBXFileReference; lastKnownFileType = sourcecode.swift; path = OnboardingView.swift; sourceTree = "<group>"; }; AA001020 = {isa = PBXFileReference; lastKnownFileType = sourcecode.swift; path = OnboardingTour.swift; sourceTree = "<group>"; }; AA001021 = {isa = PBXFileReference; lastKnownFileType = sourcecode.swift; path = MilestoneSheet.swift; sourceTree = "<group>"; }; AA001022 = {isa = PBXFileReference; lastKnownFileType = sourcecode.swift; path = WeeklyReviewCard.swift; sourceTree = "<group>"; }; AA001023 = {isa = PBXFileReference; lastKnownFileType = sourcecode.swift; path = EchoTheme.swift; sourceTree = "<group>"; }; AA001024 = {isa = PBXFileReference; lastKnownFileType = sourcecode.swift; path = AIPanelView.swift; sourceTree = "<group>"; }; AA001025 = {isa = PBXFileReference; lastKnownFileType = sourcecode.swift; path = AIEngine.swift; sourceTree = "<group>"; }; AA001026 = {isa = PBXFileReference; lastKnownFileType = sourcecode.swift; path = StoreManager.swift; sourceTree = "<group>"; }; AA001027 = {isa = PBXFileReference; lastKnownFileType = sourcecode.swift; path = SurveyView.swift; sourceTree = "<group>"; }; AA001028 = {isa = PBXFileReference; lastKnownFileType = sourcecode.swift; path = RegistrationView.swift; sourceTree = "<group>"; }; AA001029 = {isa = PBXFileReference; lastKnownFileType = sourcecode.swift; path = ValuePropView.swift; sourceTree = "<group>"; }; AA001030 = {isa = PBXFileReference; lastKnownFileType = sourcecode.swift; path = AuthManager.swift; sourceTree = "<group>"; }; AA001031 = {isa = PBXFileReference; lastKnownFileType = sourcecode.swift; path = AIChatView.swift; sourceTree = "<group>"; }; AA001032 = {isa = PBXFileReference; lastKnownFileType = sourcecode.swift; path = NotificationScheduler.swift; sourceTree = "<group>"; }; AA001033 = {isa = PBXFileReference; lastKnownFileType = sourcecode.swift; path = RelationshipTimelineView.swift; sourceTree = "<group>"; }; AA001034 = {isa = PBXFileReference; lastKnownFileType = sourcecode.swift; path = BatchReachView.swift; sourceTree = "<group>"; }; AA001035 = {isa = PBXFileReference; lastKnownFileType = sourcecode.swift; path = AISettingsView.swift; sourceTree = "<group>"; }; AA001036 = {isa = PBXFileReference; lastKnownFileType = sourcecode.swift; path = AIWeeklyReportView.swift; sourceTree = "<group>"; }; AA001037 = {isa = PBXFileReference; lastKnownFileType = sourcecode.swift; path = EchoLayerComponents.swift; sourceTree = "<group>"; }; AA001038 = {isa = PBXFileReference; lastKnownFileType = sourcecode.swift; path = LaunchView.swift; sourceTree = "<group>"; }; AA001039 = {isa = PBXFileReference; lastKnownFileType = sourcecode.swift; path = DemoDataManager.swift; sourceTree = "<group>"; }; AA001040 = {isa = PBXFileReference; lastKnownFileType = sourcecode.swift; path = MilestoneShareCard.swift; sourceTree = "<group>"; }; AA001041 = {isa = PBXFileReference; lastKnownFileType = sourcecode.swift; path = AchievementSystem.swift; sourceTree = "<group>"; }; AA001042 = {isa = PBXFileReference; lastKnownFileType = sourcecode.swift; path = StreakCalendarView.swift; sourceTree = "<group>"; }; AA001043 = {isa = PBXFileReference; lastKnownFileType = sourcecode.swift; path = EmptyStateView.swift; sourceTree = "<group>"; }; AA001044 = {isa = PBXFileReference; lastKnownFileType = sourcecode.swift; path = EchoWidget.swift; sourceTree = "<group>"; }; AA001045 = {isa = PBXFileReference; lastKnownFileType = sourcecode.swift; path = FoundersNoteView.swift; sourceTree = "<group>"; }; AA001046 = {isa = PBXFileReference; lastKnownFileType = sourcecode.swift; path = YearInReviewView.swift; sourceTree = "<group>"; }; AA001047 = {isa = PBXFileReference; lastKnownFileType = sourcecode.swift; path = RelationshipWeatherView.swift; sourceTree = "<group>"; }; AA001048 = {isa = PBXFileReference; lastKnownFileType = sourcecode.swift; path = SmartMessageComposerView.swift; sourceTree = "<group>"; }; AA001049 = {isa = PBXFileReference; lastKnownFileType = sourcecode.swift; path = CelebrationView.swift; sourceTree = "<group>"; }; AA001050 = {isa = PBXFileReference; lastKnownFileType = sourcecode.swift; path = LiveActivityManager.swift; sourceTree = "<group>"; }; AA001051 = {isa = PBXFileReference; lastKnownFileType = sourcecode.swift; path = AIEngineExtension.swift; sourceTree = "<group>"; }; AA002001 = {isa = PBXFileReference; explicitFileType = wrapper.application; includeInIndex = 0; path = Echo.app; sourceTree = BUILT_PRODUCTS_DIR; };
/* Groups */
AA004001 = {isa = PBXGroup; children = (AA004002, AA002001); }; AA004002 = {isa = PBXGroup; children = (AA004003, AA004006, AA004007, AA004008, AA004009, AA004011); path = Echo; }; AA004003 = {isa = PBXGroup; children = (AA001001, AA001002, AA001023); }; AA004006 = {isa = PBXGroup; children = (AA004004, AA004005); path = Views; }; AA004004 = {isa = PBXGroup; children = (AA001012, AA001013, AA001033); path = Detail; }; AA004005 = {isa = PBXGroup; children = (AA001014, AA001015, AA001016, AA001022, AA001024, AA001031, AA001034, AA001036, AA001037, AA001040, AA001041, AA001042, AA001043, AA001044, AA001046, AA001047, AA001048, AA001049); path = Personal; }; AA004007 = {isa = PBXGroup; children = (AA001008, AA001009, AA001010, AA001011, AA001026, AA001025, AA001030, AA001032, AA001039, AA001050, AA001051); path = Services; }; AA004008 = {isa = PBXGroup; children = (AA001017, AA001018, AA001035, AA001045); path = Settings; }; AA004009 = {isa = PBXGroup; children = (AA001019, AA001020, AA001027, AA001028, AA001029, AA001038); path = Onboarding; }; AA004011 = {isa = PBXGroup; children = (AA001003, AA001004, AA001005, AA001006, AA001007); path = Models; };
/* Target + Project */
AA005001 = {isa = PBXNativeTarget; buildConfigurationList = AA006001; buildPhases = (AA003002); productName = Echo; productReference = AA002001; productType = "com.apple.product-type.application"; }; AA007001 = {isa = PBXProject; buildConfigurationList = AA006005; compatibilityVersion = "Xcode 14.0"; developmentRegion = "en"; knownRegions = ("en", Base); mainGroup = AA004001; targets = (AA005001); };
AA003002 = {isa = PBXSourcesBuildPhase; buildActionMask = 2147483647; files = (AA000001, AA000002, AA000003, AA000004, AA000005, AA000006, AA000007, AA000008, AA000009, AA000010, AA000011, AA000012, AA000013, AA000014, AA000015, AA000016, AA000017, AA000018, AA000019, AA000020, AA000021, AA000022, AA000023, AA000024, AA000025, AA000026, AA000027, AA000028, AA000029, AA000030, AA000031, AA000032, AA000033, AA000034, AA000035, AA000036, AA000037, AA000038, AA000039, AA000040, AA000041, AA000042, AA000043, AA000044, AA000045, AA000046, AA000047, AA000048, AA000049, AA000050, AA000051); };
AA006002 = {isa = XCBuildConfiguration; buildSettings = {ASSETCATALOG_COMPILER_APPICON_NAME = AppIcon; CODE_SIGN_STYLE = Automatic; CURRENT_PROJECT_VERSION = 1; GENERATE_INFOPLIST_FILE = YES; INFOPLIST_KEY_CFBundleDisplayName = Echo; IPHONEOS_DEPLOYMENT_TARGET = 17.0; MARKETING_VERSION = 1.0; PRODUCT_BUNDLE_IDENTIFIER = com.echo.app; SDKROOT = iphoneos; SWIFT_VERSION = 5.0; }; name = Debug; }; AA006002b = {isa = XCBuildConfiguration; buildSettings = {ASSETCATALOG_COMPILER_APPICON_NAME = AppIcon; CODE_SIGN_STYLE = Automatic; CURRENT_PROJECT_VERSION = 1; GENERATE_INFOPLIST_FILE = YES; INFOPLIST_KEY_CFBundleDisplayName = Echo; IPHONEOS_DEPLOYMENT_TARGET = 17.0; MARKETING_VERSION = 1.0; PRODUCT_BUNDLE_IDENTIFIER = com.echo.app; SDKROOT = iphoneos; SWIFT_VERSION = 5.0; }; name = Release; }; AA006006 = {isa = XCBuildConfiguration; buildSettings = {ALWAYS_SEARCH_USER_PATHS = NO; CLANG_ENABLE_MODULES = YES; IPHONEOS_DEPLOYMENT_TARGET = 17.0; ONLY_ACTIVE_ARCH = YES; SWIFT_ACTIVE_COMPILATION_CONDITIONS = DEBUG; SWIFT_OPTIMIZATION_LEVEL = "-Onone"; }; name = Debug; }; AA006007 = {isa = XCBuildConfiguration; buildSettings = {ALWAYS_SEARCH_USER_PATHS = NO; CLANG_ENABLE_MODULES = YES; IPHONEOS_DEPLOYMENT_TARGET = 17.0; SWIFT_OPTIMIZATION_LEVEL = "-O"; }; name = Release; };
AA006001 = {isa = XCConfigurationList; buildConfigurations = (AA006002, AA006002b); defaultConfigurationName = Release; }; AA006005 = {isa = XCConfigurationList; buildConfigurations = (AA006006, AA006007); defaultConfigurationName = Release; };
	};
	rootObject = AA007001;
}